
Microsoft Visual Studio Solution File, Format Version 12.00
# Visual Studio Version 16
VisualStudioVersion = 16.0.31515.178
MinimumVisualStudioVersion = 10.0.40219.1
Project("{8BC9CEB8-8B4A-11D0-8D11-00A0C91BC942}") = "Game", "Game\Game.vcxproj", "{1EA43A14-CF45-4118-9A91-FC4DD9E2DE2B}"
EndProject
Project("{54435603-DBB4-11D2-8724-00A0C9A8B90C}") = "Spellslinger Setup", "GameSetup\GameSetup.vdproj", "{DDD45735-0CFA-477C-B92A-6B653C9F5052}"
EndProject
Global
	GlobalSection(SolutionConfigurationPlatforms) = preSolution
		Debug|x64 = Debug|x64
		Debug|x86 = Debug|x86
		Release|x64 = Release|x64
		Release|x86 = Release|x86
	EndGlobalSection
	GlobalSection(ProjectConfigurationPlatforms) = postSolution
		{1EA43A14-CF45-4118-9A91-FC4DD9E2DE2B}.Debug|x64.ActiveCfg = Debug|x64
		{1EA43A14-CF45-4118-9A91-FC4DD9E2DE2B}.Debug|x64.Build.0 = Debug|x64
		{1EA43A14-CF45-4118-9A91-FC4DD9E2DE2B}.Debug|x86.ActiveCfg = Debug|Win32
		{1EA43A14-CF45-4118-9A91-FC4DD9E2DE2B}.Debug|x86.Build.0 = Debug|Win32
		{1EA43A14-CF45-4118-9A91-FC4DD9E2DE2B}.Release|x64.ActiveCfg = Release|x64
		{1EA43A14-CF45-4118-9A91-FC4DD9E2DE2B}.Release|x64.Build.0 = Release|x64
		{1EA43A14-CF45-4118-9A91-FC4DD9E2DE2B}.Release|x86.ActiveCfg = Release|Win32
		{1EA43A14-CF45-4118-9A91-FC4DD9E2DE2B}.Release|x86.Build.0 = Release|Win32
		{DDD45735-0CFA-477C-B92A-6B653C9F5052}.Debug|x64.ActiveCfg = Debug
		{DDD45735-0CFA-477C-B92A-6B653C9F5052}.Debug|x86.ActiveCfg = Debug
		{DDD45735-0CFA-477C-B92A-6B653C9F5052}.Release|x64.ActiveCfg = Release
		{DDD45735-0CFA-477C-B92A-6B653C9F5052}.Release|x86.ActiveCfg = Release
		{DDD45735-0CFA-477C-B92A-6B653C9F5052}.Release|x86.Build.0 = Release
	EndGlobalSection
	GlobalSection(SolutionProperties) = preSolution
		HideSolutionNode = FALSE
	EndGlobalSection
	GlobalSection(ExtensibilityGlobals) = postSolution
		SolutionGuid = {98169713-230E-43B5-9A6C-4364F5A501B6}
	EndGlobalSection
EndGlobal
